Microsoft Visual Studio Solution File, Format Version 12.00
# Visual Studio Version 17
VisualStudioVersion = 17.13.35806.99
MinimumVisualStudioVersion = 10.0.40219.1
Project("{FAE04EC0-301F-11D3-BF4B-00C04F79EFBC}") = "tpmodul8_NIM", "tpmodul8_NIM\tpmodul8_NIM.csproj", "{449F7F9B-5FFF-4C89-8C1C-7541899C3380}"
EndProject
Global
	GlobalSection(SolutionConfigurationPlatforms) = preSolution
		Debug|Any CPU = Debug|Any CPU
		Release|Any CPU = Release|Any CPU
	EndGlobalSection
	GlobalSection(ProjectConfigurationPlatforms) = postSolution
		{449F7F9B-5FFF-4C89-8C1C-7541899C3380}.Debug|Any CPU.ActiveCfg = Debug|Any CPU
		{449F7F9B-5FFF-4C89-8C1C-7541899C3380}.Debug|Any CPU.Build.0 = Debug|Any CPU
		{449F7F9B-5FFF-4C89-8C1C-7541899C3380}.Release|Any CPU.ActiveCfg = Release|Any CPU
		{449F7F9B-5FFF-4C89-8C1C-7541899C3380}.Release|Any CPU.Build.0 = Release|Any CPU
	EndGlobalSection
	GlobalSection(SolutionProperties) = preSolution
		HideSolutionNode = FALSE
	EndGlobalSection
	GlobalSection(ExtensibilityGlobals) = postSolution
		SolutionGuid = {A1AD5F28-5228-4153-9B53-296284249637}
	EndGlobalSection
EndGlobal
